// !$*UTF8*$!
{
	archiveVersion = 1;
	classes = {
	};
	objectVersion = 46;
	objects = {

/* Begin PBXBuildFile section */
		6B2CDBF91B18DC4700383936 /* main.m in Sources */ = {isa = PBXBuildFile; fileRef = 6B2CDBF81B18DC4700383936 /* main.m */; };
		6B2CDBFC1B18DC4700383936 /* AppDelegate.m in Sources */ = {isa = PBXBuildFile; fileRef = 6B2CDBFB1B18DC4700383936 /* AppDelegate.m */; };
		6B2CDBFF1B18DC4700383936 /* ViewController.m in Sources */ = {isa = PBXBuildFile; fileRef = 6B2CDBFE1B18DC4700383936 /* ViewController.m */; };
		6B2CDC021B18DC4700383936 /* Main.storyboard in Resources */ = {isa = PBXBuildFile; fileRef = 6B2CDC001B18DC4700383936 /* Main.storyboard */; };
		6B2CDC041B18DC4700383936 /* Images.xcassets in Resources */ = {isa = PBXBuildFile; fileRef = 6B2CDC031B18DC4700383936 /* Images.xcassets */; };
		6B2CDC071B18DC4700383936 /* LaunchScreen.xib in Resources */ = {isa = PBXBuildFile; fileRef = 6B2CDC051B18DC4700383936 /* LaunchScreen.xib */; };
		6B2CDC131B18DC4700383936 /* atestTests.m in Sources */ = {isa = PBXBuildFile; fileRef = 6B2CDC121B18DC4700383936 /* atestTests.m */; };
		6B9C36401B197BFD000B700B /* UIImage+Crop.m in Sources */ = {isa = PBXBuildFile; fileRef = 6B9C363F1B197BFD000B700B /* UIImage+Crop.m */; };
		6B9C36421B197D07000B700B /* icn_back@2x.png in Resources */ = {isa = PBXBuildFile; fileRef = 6B9C36411B197D07000B700B /* icn_back@2x.png */; };
		6B9C36491B19800D000B700B /* libWLHCropper.a in Frameworks */ = {isa = PBXBuildFile; fileRef = 6B9C36481B19800D000B700B /* libWLHCropper.a */; };
/* End PBXBuildFile section */

/* Begin PBXContainerItemProxy section */
		6B2CDC0D1B18DC4700383936 /* PBXContainerItemProxy */ = {
			isa = PBXContainerItemProxy;
			containerPortal = 6B2CDBEB1B18DC4700383936 /* Project object */;
			proxyType = 1;
			remoteGlobalIDString = 6B2CDBF21B18DC4700383936;
			remoteInfo = atest;
		};
/* End PBXContainerItemProxy section */

/* Begin PBXFileReference section */
		6B2CDBF31B18DC4700383936 /* atest.app */ = {isa = PBXFileReference; explicitFileType = wrapper.application; includeInIndex = 0; path = atest.app; sourceTree = BUILT_PRODUCTS_DIR; };
		6B2CDBF71B18DC4700383936 /* Info.plist */ = {isa = PBXFileReference; lastKnownFileType = text.plist.xml; path = Info.plist; sourceTree = "<group>"; };
		6B2CDBF81B18DC4700383936 /* main.m */ = {isa = PBXFileReference; lastKnownFileType = sourcecode.c.objc; path = main.m; sourceTree = "<group>"; };
		6B2CDBFA1B18DC4700383936 /* AppDelegate.h */ = {isa = PBXFileReference; lastKnownFileType = sourcecode.c.h; path = AppDelegate.h; sourceTree = "<group>"; };
		6B2CDBFB1B18DC4700383936 /* AppDelegate.m */ = {isa = PBXFileReference; lastKnownFileType = sourcecode.c.objc; path = AppDelegate.m; sourceTree = "<group>"; };
		6B2CDBFD1B18DC4700383936 /* ViewController.h */ = {isa = PBXFileReference; lastKnownFileType = sourcecode.c.h; path = ViewController.h; sourceTree = "<group>"; };
		6B2CDBFE1B18DC4700383936 /* ViewController.m */ = {isa = PBXFileReference; lastKnownFileType = sourcecode.c.objc; path = ViewController.m; sourceTree = "<group>"; };
		6B2CDC011B18DC4700383936 /* Base */ = {isa = PBXFileReference; lastKnownFileType = file.storyboard; name = Base; path = Base.lproj/Main.storyboard; sourceTree = "<group>"; };
		6B2CDC031B18DC4700383936 /* Images.xcassets */ = {isa = PBXFileReference; lastKnownFileType = folder.assetcatalog; path = Images.xcassets; sourceTree = "<group>"; };
		6B2CDC061B18DC4700383936 /* Base */ = {isa = PBXFileReference; lastKnownFileType = file.xib; name = Base; path = Base.lproj/LaunchScreen.xib; sourceTree = "<group>"; };
		6B2CDC0C1B18DC4700383936 /* atestTests.xctest */ = {isa = PBXFileReference; explicitFileType = wrapper.cfbundle; includeInIndex = 0; path = atestTests.xctest; sourceTree = BUILT_PRODUCTS_DIR; };
		6B2CDC111B18DC4700383936 /* Info.plist */ = {isa = PBXFileReference; lastKnownFileType = text.plist.xml; path = Info.plist; sourceTree = "<group>"; };
		6B2CDC121B18DC4700383936 /* atestTests.m */ = {isa = PBXFileReference; lastKnownFileType = sourcecode.c.objc; path = atestTests.m; sourceTree = "<group>"; };
		6B9C363E1B197BFD000B700B /* UIImage+Crop.h */ = {isa = PBXFileReference; fileEncoding = 4; lastKnownFileType = sourcecode.c.h; path = "UIImage+Crop.h"; sourceTree = "<group>"; };
		6B9C363F1B197BFD000B700B /* UIImage+Crop.m */ = {isa = PBXFileReference; fileEncoding = 4; lastKnownFileType = sourcecode.c.objc; path = "UIImage+Crop.m"; sourceTree = "<group>"; };
		6B9C36411B197D07000B700B /* icn_back@2x.png */ = {isa = PBXFileReference; lastKnownFileType = image.png; path = "icn_back@2x.png"; sourceTree = "<group>"; };
		6B9C36451B19800D000B700B /* PhotoMaskView.h */ = {isa = PBXFileReference; fileEncoding = 4; lastKnownFileType = sourcecode.c.h; path = PhotoMaskView.h; sourceTree = "<group>"; };
		6B9C36461B19800D000B700B /* PhotoViewController.h */ = {isa = PBXFileReference; fileEncoding = 4; lastKnownFileType = sourcecode.c.h; path = PhotoViewController.h; sourceTree = "<group>"; };
		6B9C36471B19800D000B700B /* WLHCropper.h */ = {isa = PBXFileReference; fileEncoding = 4; lastKnownFileType = sourcecode.c.h; path = WLHCropper.h; sourceTree = "<group>"; };
		6B9C36481B19800D000B700B /* libWLHCropper.a */ = {isa = PBXFileReference; lastKnownFileType = archive.ar; path = libWLHCropper.a; sourceTree = "<group>"; };
/* End PBXFileReference section */

/* Begin PBXFrameworksBuildPhase section */
		6B2CDBF01B18DC4700383936 /* Frameworks */ = {
			isa = PBXFrameworksBuildPhase;
			buildActionMask = 2147483647;
			files = (
				6B9C36491B19800D000B700B /* libWLHCropper.a in Frameworks */,
			);
			runOnlyForDeploymentPostprocessing = 0;
		};
		6B2CDC091B18DC4700383936 /* Frameworks */ = {
			isa = PBXFrameworksBuildPhase;
			buildActionMask = 2147483647;
			files = (
			);
			runOnlyForDeploymentPostprocessing = 0;
		};
/* End PBXFrameworksBuildPhase section */

/* Begin PBXGroup section */
		6B2CDBEA1B18DC4700383936 = {
			isa = PBXGroup;
			children = (
				6B2CDBF51B18DC4700383936 /* atest */,
				6B2CDC0F1B18DC4700383936 /* atestTests */,
				6B2CDBF41B18DC4700383936 /* Products */,
			);
			sourceTree = "<group>";
		};
		6B2CDBF41B18DC4700383936 /* Products */ = {
			isa = PBXGroup;
			children = (
				6B2CDBF31B18DC4700383936 /* atest.app */,
				6B2CDC0C1B18DC4700383936 /* atestTests.xctest */,
			);
			name = Products;
			sourceTree = "<group>";
		};
		6B2CDBF51B18DC4700383936 /* atest */ = {
			isa = PBXGroup;
			children = (
				6B9C363D1B197BF1000B700B /* category */,
				6B2CDBFA1B18DC4700383936 /* AppDelegate.h */,
				6B2CDBFB1B18DC4700383936 /* AppDelegate.m */,
				6B2CDBFD1B18DC4700383936 /* ViewController.h */,
				6B2CDBFE1B18DC4700383936 /* ViewController.m */,
				6B2CDC001B18DC4700383936 /* Main.storyboard */,
				6B2CDC031B18DC4700383936 /* Images.xcassets */,
				6B2CDC051B18DC4700383936 /* LaunchScreen.xib */,
				6B2CDBF61B18DC4700383936 /* Supporting Files */,
			);
			path = atest;
			sourceTree = "<group>";
		};
		6B2CDBF61B18DC4700383936 /* Supporting Files */ = {
			isa = PBXGroup;
			children = (
				6B9C36411B197D07000B700B /* icn_back@2x.png */,
				6B2CDBF71B18DC4700383936 /* Info.plist */,
				6B2CDBF81B18DC4700383936 /* main.m */,
			);
			name = "Supporting Files";
			sourceTree = "<group>";
		};
		6B2CDC0F1B18DC4700383936 /* atestTests */ = {
			isa = PBXGroup;
			children = (
				6B2CDC121B18DC4700383936 /* atestTests.m */,
				6B2CDC101B18DC4700383936 /* Supporting Files */,
			);
			path = atestTests;
			sourceTree = "<group>";
		};
		6B2CDC101B18DC4700383936 /* Supporting Files */ = {
			isa = PBXGroup;
			children = (
				6B2CDC111B18DC4700383936 /* Info.plist */,
			);
			name = "Supporting Files";
			sourceTree = "<group>";
		};
		6B9C363D1B197BF1000B700B /* category */ = {
			isa = PBXGroup;
			children = (
				6B9C36431B19800D000B700B /* WLHCropper */,
				6B9C363E1B197BFD000B700B /* UIImage+Crop.h */,
				6B9C363F1B197BFD000B700B /* UIImage+Crop.m */,
			);
			path = category;
			sourceTree = "<group>";
		};
		6B9C36431B19800D000B700B /* WLHCropper */ = {
			isa = PBXGroup;
			children = (
				6B9C36441B19800D000B700B /* header */,
				6B9C36481B19800D000B700B /* libWLHCropper.a */,
			);
			path = WLHCropper;
			sourceTree = "<group>";
		};
		6B9C36441B19800D000B700B /* header */ = {
			isa = PBXGroup;
			children = (
				6B9C36451B19800D000B700B /* PhotoMaskView.h */,
				6B9C36461B19800D000B700B /* PhotoViewController.h */,
				6B9C36471B19800D000B700B /* WLHCropper.h */,
			);
			path = header;
			sourceTree = "<group>";
		};
/* End PBXGroup section */

/* Begin PBXNativeTarget section */
		6B2CDBF21B18DC4700383936 /* atest */ = {
			isa = PBXNativeTarget;
			buildConfigurationList = 6B2CDC161B18DC4700383936 /* Build configuration list for PBXNativeTarget "atest" */;
			buildPhases = (
				6B2CDBEF1B18DC4700383936 /* Sources */,
				6B2CDBF01B18DC4700383936 /* Frameworks */,
				6B2CDBF11B18DC4700383936 /* Resources */,
			);
			buildRules = (
			);
			dependencies = (
			);
			name = atest;
			productName = atest;
			productReference = 6B2CDBF31B18DC4700383936 /* atest.app */;
			productType = "com.apple.product-type.application";
		};
		6B2CDC0B1B18DC4700383936 /* atestTests */ = {
			isa = PBXNativeTarget;
			buildConfigurationList = 6B2CDC191B18DC4700383936 /* Build configuration list for PBXNativeTarget "atestTests" */;
			buildPhases = (
				6B2CDC081B18DC4700383936 /* Sources */,
				6B2CDC091B18DC4700383936 /* Frameworks */,
				6B2CDC0A1B18DC4700383936 /* Resources */,
			);
			buildRules = (
			);
			dependencies = (
				6B2CDC0E1B18DC4700383936 /* PBXTargetDependency */,
			);
			name = atestTests;
			productName = atestTests;
			productReference = 6B2CDC0C1B18DC4700383936 /* atestTests.xctest */;
			productType = "com.apple.product-type.bundle.unit-test";
		};
/* End PBXNativeTarget section */

/* Begin PBXProject section */
		6B2CDBEB1B18DC4700383936 /* Project object */ = {
			isa = PBXProject;
			attributes = {
				LastUpgradeCheck = 0610;
				ORGANIZATIONNAME = wanglh;
				TargetAttributes = {
					6B2CDBF21B18DC4700383936 = {
						CreatedOnToolsVersion = 6.1;
					};
					6B2CDC0B1B18DC4700383936 = {
						CreatedOnToolsVersion = 6.1;
						TestTargetID = 6B2CDBF21B18DC4700383936;
					};
				};
			};
			buildConfigurationList = 6B2CDBEE1B18DC4700383936 /* Build configuration list for PBXProject "atest" */;
			compatibilityVersion = "Xcode 3.2";
			developmentRegion = English;
			hasScannedForEncodings = 0;
			knownRegions = (
				en,
				Base,
			);
			mainGroup = 6B2CDBEA1B18DC4700383936;
			productRefGroup = 6B2CDBF41B18DC4700383936 /* Products */;
			projectDirPath = "";
			projectRoot = "";
			targets = (
				6B2CDBF21B18DC4700383936 /* atest */,
				6B2CDC0B1B18DC4700383936 /* atestTests */,
			);
		};
/* End PBXProject section */

/* Begin PBXResourcesBuildPhase section */
		6B2CDBF11B18DC4700383936 /* Resources */ = {
			isa = PBXResourcesBuildPhase;
			buildActionMask = 2147483647;
			files = (
				6B2CDC021B18DC4700383936 /* Main.storyboard in Resources */,
				6B2CDC071B18DC4700383936 /* LaunchScreen.xib in Resources */,
				6B9C36421B197D07000B700B /* icn_back@2x.png in Resources */,
				6B2CDC041B18DC4700383936 /* Images.xcassets in Resources */,
			);
			runOnlyForDeploymentPostprocessing = 0;
		};
		6B2CDC0A1B18DC4700383936 /* Resources */ = {
			isa = PBXResourcesBuildPhase;
			buildActionMask = 2147483647;
			files = (
			);
			runOnlyForDeploymentPostprocessing = 0;
		};
/* End PBXResourcesBuildPhase section */

/* Begin PBXSourcesBuildPhase section */
		6B2CDBEF1B18DC4700383936 /* Sources */ = {
			isa = PBXSourcesBuildPhase;
			buildActionMask = 2147483647;
			files = (
				6B2CDBFF1B18DC4700383936 /* ViewController.m in Sources */,
				6B9C36401B197BFD000B700B /* UIImage+Crop.m in Sources */,
				6B2CDBFC1B18DC4700383936 /* AppDelegate.m in Sources */,
				6B2CDBF91B18DC4700383936 /* main.m in Sources */,
			);
			runOnlyForDeploymentPostprocessing = 0;
		};
		6B2CDC081B18DC4700383936 /* Sources */ = {
			isa = PBXSourcesBuildPhase;
			buildActionMask = 2147483647;
			files = (
				6B2CDC131B18DC4700383936 /* atestTests.m in Sources */,
			);
			runOnlyForDeploymentPostprocessing = 0;
		};
/* End PBXSourcesBuildPhase section */

/* Begin PBXTargetDependency section */
		6B2CDC0E1B18DC4700383936 /* PBXTargetDependency */ = {
			isa = PBXTargetDependency;
			target = 6B2CDBF21B18DC4700383936 /* atest */;
			targetProxy = 6B2CDC0D1B18DC4700383936 /* PBXContainerItemProxy */;
		};
/* End PBXTargetDependency section */

/* Begin PBXVariantGroup section */
		6B2CDC001B18DC4700383936 /* Main.storyboard */ = {
			isa = PBXVariantGroup;
			children = (
				6B2CDC011B18DC4700383936 /* Base */,
			);
			name = Main.storyboard;
			sourceTree = "<group>";
		};
		6B2CDC051B18DC4700383936 /* LaunchScreen.xib */ = {
			isa = PBXVariantGroup;
			children = (
				6B2CDC061B18DC4700383936 /* Base */,
			);
			name = LaunchScreen.xib;
			sourceTree = "<group>";
		};
/* End PBXVariantGroup section */

/* Begin XCBuildConfiguration section */
		6B2CDC141B18DC4700383936 /* Debug */ = {
			isa = XCBuildConfiguration;
			buildSettings = {
				ALWAYS_SEARCH_USER_PATHS = NO;
				CLANG_CXX_LANGUAGE_STANDARD = "gnu++0x";
				CLANG_CXX_LIBRARY = "libc++";
				CLANG_ENABLE_MODULES = YES;
				CLANG_ENABLE_OBJC_ARC = YES;
				CLANG_WARN_BOOL_CONVERSION = YES;
				CLANG_WARN_CONSTANT_CONVERSION = YES;
				CLANG_WARN_DIRECT_OBJC_ISA_USAGE = YES_ERROR;
				CLANG_WARN_EMPTY_BODY = YES;
				CLANG_WARN_ENUM_CONVERSION = YES;
				CLANG_WARN_INT_CONVERSION = YES;
				CLANG_WARN_OBJC_ROOT_CLASS = YES_ERROR;
				CLANG_WARN_UNREACHABLE_CODE = YES;
				CLANG_WARN__DUPLICATE_METHOD_MATCH = YES;
				"CODE_SIGN_IDENTITY[sdk=iphoneos*]" = "iPhone Developer";
				COPY_PHASE_STRIP = NO;
				ENABLE_STRICT_OBJC_MSGSEND = YES;
				GCC_C_LANGUAGE_STANDARD = gnu99;
				GCC_DYNAMIC_NO_PIC = NO;
				GCC_OPTIMIZATION_LEVEL = 0;
				GCC_PREPROCESSOR_DEFINITIONS = (
					"DEBUG=1",
					"$(inherited)",
				);
				GCC_SYMBOLS_PRIVATE_EXTERN = NO;
				GCC_WARN_64_TO_32_BIT_CONVERSION = YES;
				GCC_WARN_ABOUT_RETURN_TYPE = YES_ERROR;
				GCC_WARN_UNDECLARED_SELECTOR = YES;
				GCC_WARN_UNINITIALIZED_AUTOS = YES_AGGRESSIVE;
				GCC_WARN_UNUSED_FUNCTION = YES;
				GCC_WARN_UNUSED_VARIABLE = YES;
				IPHONEOS_DEPLOYMENT_TARGET = 8.1;
				MTL_ENABLE_DEBUG_INFO = YES;
				ONLY_ACTIVE_ARCH = YES;
				SDKROOT = iphoneos;
			};
			name = Debug;
		};
		6B2CDC151B18DC4700383936 /* Release */ = {
			isa = XCBuildConfiguration;
			buildSettings = {
				ALWAYS_SEARCH_USER_PATHS = NO;
				CLANG_CXX_LANGUAGE_STANDARD = "gnu++0x";
				CLANG_CXX_LIBRARY = "libc++";
				CLANG_ENABLE_MODULES = YES;
				CLANG_ENABLE_OBJC_ARC = YES;
				CLANG_WARN_BOOL_CONVERSION = YES;
				CLANG_WARN_CONSTANT_CONVERSION = YES;
				CLANG_WARN_DIRECT_OBJC_ISA_USAGE = YES_ERROR;
				CLANG_WARN_EMPTY_BODY = YES;
				CLANG_WARN_ENUM_CONVERSION = YES;
				CLANG_WARN_INT_CONVERSION = YES;
				CLANG_WARN_OBJC_ROOT_CLASS = YES_ERROR;
				CLANG_WARN_UNREACHABLE_CODE = YES;
				CLANG_WARN__DUPLICATE_METHOD_MATCH = YES;
				"CODE_SIGN_IDENTITY[sdk=iphoneos*]" = "iPhone Developer";
				COPY_PHASE_STRIP = YES;
				ENABLE_NS_ASSERTIONS = NO;
				ENABLE_STRICT_OBJC_MSGSEND = YES;
				GCC_C_LANGUAGE_STANDARD = gnu99;
				GCC_WARN_64_TO_32_BIT_CONVERSION = YES;
				GCC_WARN_ABOUT_RETURN_TYPE = YES_ERROR;
				GCC_WARN_UNDECLARED_SELECTOR = YES;
				GCC_WARN_UNINITIALIZED_AUTOS = YES_AGGRESSIVE;
				GCC_WARN_UNUSED_FUNCTION = YES;
				GCC_WARN_UNUSED_VARIABLE = YES;
				IPHONEOS_DEPLOYMENT_TARGET = 8.1;
				MTL_ENABLE_DEBUG_INFO = NO;
				SDKROOT = iphoneos;
				VALIDATE_PRODUCT = YES;
			};
			name = Release;
		};
		6B2CDC171B18DC4700383936 /* Debug */ = {
			isa = XCBuildConfiguration;
			buildSettings = {
				ASSETCATALOG_COMPILER_APPICON_NAME = AppIcon;
				INFOPLIST_FILE = atest/Info.plist;
				LD_RUNPATH_SEARCH_PATHS = "$(inherited) @executable_path/Frameworks";
				LIBRARY_SEARCH_PATHS = (
					"$(inherited)",
					"$(PROJECT_DIR)/atest",
					"$(PROJECT_DIR)/atest/mySDK/header",
					"$(PROJECT_DIR)/atest/mySDK",
					"$(PROJECT_DIR)/atest/category/WLHCropper",
				);
				PRODUCT_NAME = "$(TARGET_NAME)";
			};
			name = Debug;
		};
		6B2CDC181B18DC4700383936 /* Release */ = {
			isa = XCBuildConfiguration;
			buildSettings = {
				ASSETCATALOG_COMPILER_APPICON_NAME = AppIcon;
				INFOPLIST_FILE = atest/Info.plist;
				LD_RUNPATH_SEARCH_PATHS = "$(inherited) @executable_path/Frameworks";
				LIBRARY_SEARCH_PATHS = (
					"$(inherited)",
					"$(PROJECT_DIR)/atest",
					"$(PROJECT_DIR)/atest/mySDK/header",
					"$(PROJECT_DIR)/atest/mySDK",
					"$(PROJECT_DIR)/atest/category/WLHCropper",
				);
				PRODUCT_NAME = "$(TARGET_NAME)";
			};
			name = Release;
		};
		6B2CDC1A1B18DC4700383936 /* Debug */ = {
			isa = XCBuildConfiguration;
			buildSettings = {
				BUNDLE_LOADER = "$(TEST_HOST)";
				FRAMEWORK_SEARCH_PATHS = (
					"$(SDKROOT)/Developer/Library/Frameworks",
					"$(inherited)",
				);
				GCC_PREPROCESSOR_DEFINITIONS = (
					"DEBUG=1",
					"$(inherited)",
				);
				INFOPLIST_FILE = atestTests/Info.plist;
				LD_RUNPATH_SEARCH_PATHS = "$(inherited) @executable_path/Frameworks @loader_path/Frameworks";
				PRODUCT_NAME = "$(TARGET_NAME)";
				TEST_HOST = "$(BUILT_PRODUCTS_DIR)/atest.app/atest";
			};
			name = Debug;
		};
		6B2CDC1B1B18DC4700383936 /* Release */ = {
			isa = XCBuildConfiguration;
			buildSettings = {
				BUNDLE_LOADER = "$(TEST_HOST)";
				FRAMEWORK_SEARCH_PATHS = (
					"$(SDKROOT)/Developer/Library/Frameworks",
					"$(inherited)",
				);
				INFOPLIST_FILE = atestTests/Info.plist;
				LD_RUNPATH_SEARCH_PATHS = "$(inherited) @executable_path/Frameworks @loader_path/Frameworks";
				PRODUCT_NAME = "$(TARGET_NAME)";
				TEST_HOST = "$(BUILT_PRODUCTS_DIR)/atest.app/atest";
			};
			name = Release;
		};
/* End XCBuildConfiguration section */

/* Begin XCConfigurationList section */
		6B2CDBEE1B18DC4700383936 /* Build configuration list for PBXProject "atest" */ = {
			isa = XCConfigurationList;
			buildConfigurations = (
				6B2CDC141B18DC4700383936 /* Debug */,
				6B2CDC151B18DC4700383936 /* Release */,
			);
			defaultConfigurationIsVisible = 0;
			defaultConfigurationName = Release;
		};
		6B2CDC161B18DC4700383936 /* Build configuration list for PBXNativeTarget "atest" */ = {
			isa = XCConfigurationList;
			buildConfigurations = (
				6B2CDC171B18DC4700383936 /* Debug */,
				6B2CDC181B18DC4700383936 /* Release */,
			);
			defaultConfigurationIsVisible = 0;
			defaultConfigurationName = Release;
		};
		6B2CDC191B18DC4700383936 /* Build configuration list for PBXNativeTarget "atestTests" */ = {
			isa = XCConfigurationList;
			buildConfigurations = (
				6B2CDC1A1B18DC4700383936 /* Debug */,
				6B2CDC1B1B18DC4700383936 /* Release */,
			);
			defaultConfigurationIsVisible = 0;
			defaultConfigurationName = Release;
		};
/* End XCConfigurationList section */
	};
	rootObject = 6B2CDBEB1B18DC4700383936 /* Project object */;
}
